<Solution>
  <Folder Name="/Solution Items/">
    <File Path="../.gitattributes" />
    <File Path="../readme.source.md" />
    <File Path=".editorconfig" />
    <File Path="appveyor.yml" />
    <File Path="Directory.Build.props" />
    <File Path="Directory.Packages.props" />
  </Folder>
  <Project Path="NServiceBus.AuditFilter/NServiceBus.AuditFilter.csproj" />
  <Project Path="Sample/Sample.csproj" />
  <Project Path="Tests/Tests.csproj" />
</Solution>